// !$*UTF8*$!
{
	archiveVersion = 1;
	classes = {
	};
	objectVersion = 56;
	objects = {

/* Begin PBXBuildFile section */
		7B25F8382A04D57D00F9552E /* NoteView.swift in Sources */ = {isa = PBXBuildFile; fileRef = 7B25F8372A04D57D00F9552E /* NoteView.swift */; };
		7B25F83B2A0657E500F9552E /* ClapOrPlayView.swift in Sources */ = {isa = PBXBuildFile; fileRef = 7B25F83A2A0657E500F9552E /* ClapOrPlayView.swift */; };
		7B3BA4512A070A3D000246C6 /* ClapTestView.swift in Sources */ = {isa = PBXBuildFile; fileRef = 7B3BA4502A070A3D000246C6 /* ClapTestView.swift */; };
		7B3BA4532A0710D7000246C6 /* Notes in Resources */ = {isa = PBXBuildFile; fileRef = 7B3BA4522A0710D7000246C6 /* Notes */; };
		7B3D956C2A10D4AB007CA60D /* StaffView.swift in Sources */ = {isa = PBXBuildFile; fileRef = 7B3D956B2A10D4AB007CA60D /* StaffView.swift */; };
		7B43C69D2A1354D000BBB027 /* Todo in Resources */ = {isa = PBXBuildFile; fileRef = 7B43C69C2A1354D000BBB027 /* Todo */; };
		7B43C69F2A138CAE00BBB027 /* UIGlobals.swift in Sources */ = {isa = PBXBuildFile; fileRef = 7B43C69E2A138CAE00BBB027 /* UIGlobals.swift */; };
		7B43C6A32A13A53400BBB027 /* LaunchScreen.swift in Sources */ = {isa = PBXBuildFile; fileRef = 7B43C6A22A13A53400BBB027 /* LaunchScreen.swift */; };
		7B51F0CE2A09C94D00A7ABFA /* Mechanical metronome - High.aif in Resources */ = {isa = PBXBuildFile; fileRef = 7B51F0CC2A09C94D00A7ABFA /* Mechanical metronome - High.aif */; };
		7B51F0CF2A09C94D00A7ABFA /* Mechanical metronome - Low.aif in Resources */ = {isa = PBXBuildFile; fileRef = 7B51F0CD2A09C94D00A7ABFA /* Mechanical metronome - Low.aif */; };
		7B51F0DD2A0A508B00A7ABFA /* Metronome.swift in Sources */ = {isa = PBXBuildFile; fileRef = 7B51F0DC2A0A508B00A7ABFA /* Metronome.swift */; };
		7B51F0E02A0A5B6100A7ABFA /* AudioAnalyser.swift in Sources */ = {isa = PBXBuildFile; fileRef = 7B51F0DF2A0A5B6100A7ABFA /* AudioAnalyser.swift */; };
		7B51F0E22A0A5CB200A7ABFA /* AudioRecorderOld.swift in Sources */ = {isa = PBXBuildFile; fileRef = 7B51F0E12A0A5CB200A7ABFA /* AudioRecorderOld.swift */; };
		7B51F0E42A0A6DD900A7ABFA /* AudioRecorder.swift in Sources */ = {isa = PBXBuildFile; fileRef = 7B51F0E32A0A6DD900A7ABFA /* AudioRecorder.swift */; };
		7B55CEB62A03C312009F9B5D /* MusicSyllabusApp.swift in Sources */ = {isa = PBXBuildFile; fileRef = 7B55CEB52A03C312009F9B5D /* MusicSyllabusApp.swift */; };
		7B55CEBE2A03C870009F9B5D /* GoogleService-Info.plist in Resources */ = {isa = PBXBuildFile; fileRef = 7B55CEBD2A03C870009F9B5D /* GoogleService-Info.plist */; };
		7B55CEC02A03D052009F9B5D /* ContentSectionView.swift in Sources */ = {isa = PBXBuildFile; fileRef = 7B55CEBF2A03D052009F9B5D /* ContentSectionView.swift */; };
		7B55CEC42A03E480009F9B5D /* ScoreView.swift in Sources */ = {isa = PBXBuildFile; fileRef = 7B55CEC32A03E480009F9B5D /* ScoreView.swift */; };
		7B55CEC62A04C3AF009F9B5D /* TimeSignature.swift in Sources */ = {isa = PBXBuildFile; fileRef = 7B55CEC52A04C3AF009F9B5D /* TimeSignature.swift */; };
		7B5EEDDF2A0133000007FF7E /* MusicSyllabusApp.swift in Sources */ = {isa = PBXBuildFile; fileRef = 7B5EEDDE2A0133000007FF7E /* MusicSyllabusApp.swift */; };
		7B5EEDE12A0133000007FF7E /* IndexView.swift in Sources */ = {isa = PBXBuildFile; fileRef = 7B5EEDE02A0133000007FF7E /* IndexView.swift */; };
		7B5EEDE32A0133020007FF7E /* Assets.xcassets in Resources */ = {isa = PBXBuildFile; fileRef = 7B5EEDE22A0133020007FF7E /* Assets.xcassets */; };
		7B5EEDE62A0133020007FF7E /* Preview Assets.xcassets in Resources */ = {isa = PBXBuildFile; fileRef = 7B5EEDE52A0133020007FF7E /* Preview Assets.xcassets */; };
		7B5EEDE82A0133020007FF7E /* Persistence.swift in Sources */ = {isa = PBXBuildFile; fileRef = 7B5EEDE72A0133020007FF7E /* Persistence.swift */; };
		7B5EEDEB2A0133020007FF7E /* MusicSyllabus.xcdatamodeld in Sources */ = {isa = PBXBuildFile; fileRef = 7B5EEDE92A0133020007FF7E /* MusicSyllabus.xcdatamodeld */; };
		7B5EEDF52A0134AB0007FF7E /* IntervalsView.swift in Sources */ = {isa = PBXBuildFile; fileRef = 7B5EEDF42A0134AB0007FF7E /* IntervalsView.swift */; };
		7B5EEDF72A025E0B0007FF7E /* Score.swift in Sources */ = {isa = PBXBuildFile; fileRef = 7B5EEDF62A025E0B0007FF7E /* Score.swift */; };
		7B5EEDF92A025E440007FF7E /* Key.swift in Sources */ = {isa = PBXBuildFile; fileRef = 7B5EEDF82A025E440007FF7E /* Key.swift */; };
		7B5EEDFB2A025E870007FF7E /* KeySignature.swift in Sources */ = {isa = PBXBuildFile; fileRef = 7B5EEDFA2A025E870007FF7E /* KeySignature.swift */; };
		7B5EEDFD2A025EC00007FF7E /* Note.swift in Sources */ = {isa = PBXBuildFile; fileRef = 7B5EEDFC2A025EC00007FF7E /* Note.swift */; };
		7B5EEDFF2A025EE60007FF7E /* Chord.swift in Sources */ = {isa = PBXBuildFile; fileRef = 7B5EEDFE2A025EE60007FF7E /* Chord.swift */; };
		7B5EEE012A025F160007FF7E /* Staff.swift in Sources */ = {isa = PBXBuildFile; fileRef = 7B5EEE002A025F160007FF7E /* Staff.swift */; };
		7B5EEE032A025F430007FF7E /* TimeSlice.swift in Sources */ = {isa = PBXBuildFile; fileRef = 7B5EEE022A025F430007FF7E /* TimeSlice.swift */; };
		7B5EEE052A025F760007FF7E /* Scale.swift in Sources */ = {isa = PBXBuildFile; fileRef = 7B5EEE042A025F760007FF7E /* Scale.swift */; };
		7B6E6F3D2A03B2B0001723C7 /* PianoView.swift in Sources */ = {isa = PBXBuildFile; fileRef = 7B6E6F3C2A03B2B0001723C7 /* PianoView.swift */; };
		7BF902532A0B696F002E977A /* MetronomeView.swift in Sources */ = {isa = PBXBuildFile; fileRef = 7BF902522A0B696F002E977A /* MetronomeView.swift */; };
		7BF902552A0CBE47002E977A /* ExampleData.swift in Sources */ = {isa = PBXBuildFile; fileRef = 7BF902542A0CBE47002E977A /* ExampleData.swift */; };
		7BF9B9C92A02618700121EBA /* SoundGenerator.swift in Sources */ = {isa = PBXBuildFile; fileRef = 7BF9B9C82A02618700121EBA /* SoundGenerator.swift */; };
		7BF9B9CB2A02654100121EBA /* Nice-Steinway-v3.8.sf2 in Resources */ = {isa = PBXBuildFile; fileRef = 7BF9B9CA2A02654100121EBA /* Nice-Steinway-v3.8.sf2 */; };
		7BF9B9CD2A026DDF00121EBA /* Logger.swift in Sources */ = {isa = PBXBuildFile; fileRef = 7BF9B9CC2A026DDF00121EBA /* Logger.swift */; };
		7BF9B9CF2A0271E400121EBA /* PianoKeyboard.swift in Sources */ = {isa = PBXBuildFile; fileRef = 7BF9B9CE2A0271E400121EBA /* PianoKeyboard.swift */; };
		7BF9B9D12A03A6EB00121EBA /* ContentSection.swift in Sources */ = {isa = PBXBuildFile; fileRef = 7BF9B9D02A03A6EB00121EBA /* ContentSection.swift */; };
		7BF9B9D42A03AA3C00121EBA /* FirebaseAnalytics in Frameworks */ = {isa = PBXBuildFile; productRef = 7BF9B9D32A03AA3C00121EBA /* FirebaseAnalytics */; };
		7BF9B9D62A03AA3C00121EBA /* FirebaseDatabase in Frameworks */ = {isa = PBXBuildFile; productRef = 7BF9B9D52A03AA3C00121EBA /* FirebaseDatabase */; };
		7BF9B9D82A03AA3C00121EBA /* FirebaseDatabaseSwift in Frameworks */ = {isa = PBXBuildFile; productRef = 7BF9B9D72A03AA3C00121EBA /* FirebaseDatabaseSwift */; };
		7BF9B9DA2A03AA3C00121EBA /* FirebaseFirestore in Frameworks */ = {isa = PBXBuildFile; productRef = 7BF9B9D92A03AA3C00121EBA /* FirebaseFirestore */; };
		7BF9B9DC2A03AA3C00121EBA /* FirebaseStorage in Frameworks */ = {isa = PBXBuildFile; productRef = 7BF9B9DB2A03AA3C00121EBA /* FirebaseStorage */; };
/* End PBXBuildFile section */

/* Begin PBXFileReference section */
		7B25F8372A04D57D00F9552E /* NoteView.swift */ = {isa = PBXFileReference; lastKnownFileType = sourcecode.swift; path = NoteView.swift; sourceTree = "<group>"; };
		7B25F83A2A0657E500F9552E /* ClapOrPlayView.swift */ = {isa = PBXFileReference; lastKnownFileType = sourcecode.swift; path = ClapOrPlayView.swift; sourceTree = "<group>"; };
		7B3BA4502A070A3D000246C6 /* ClapTestView.swift */ = {isa = PBXFileReference; lastKnownFileType = sourcecode.swift; path = ClapTestView.swift; sourceTree = "<group>"; };
		7B3BA4522A0710D7000246C6 /* Notes */ = {isa = PBXFileReference; lastKnownFileType = text; path = Notes; sourceTree = "<group>"; };
		7B3D956B2A10D4AB007CA60D /* StaffView.swift */ = {isa = PBXFileReference; lastKnownFileType = sourcecode.swift; path = StaffView.swift; sourceTree = "<group>"; };
		7B43C69C2A1354D000BBB027 /* Todo */ = {isa = PBXFileReference; lastKnownFileType = text; path = Todo; sourceTree = "<group>"; };
		7B43C69E2A138CAE00BBB027 /* UIGlobals.swift */ = {isa = PBXFileReference; lastKnownFileType = sourcecode.swift; path = UIGlobals.swift; sourceTree = "<group>"; };
		7B43C6A22A13A53400BBB027 /* LaunchScreen.swift */ = {isa = PBXFileReference; lastKnownFileType = sourcecode.swift; path = LaunchScreen.swift; sourceTree = "<group>"; };
		7B51F0CC2A09C94D00A7ABFA /* Mechanical metronome - High.aif */ = {isa = PBXFileReference; lastKnownFileType = file; path = "Mechanical metronome - High.aif"; sourceTree = "<group>"; };
		7B51F0CD2A09C94D00A7ABFA /* Mechanical metronome - Low.aif */ = {isa = PBXFileReference; lastKnownFileType = file; path = "Mechanical metronome - Low.aif"; sourceTree = "<group>"; };
		7B51F0DC2A0A508B00A7ABFA /* Metronome.swift */ = {isa = PBXFileReference; lastKnownFileType = sourcecode.swift; path = Metronome.swift; sourceTree = "<group>"; };
		7B51F0DF2A0A5B6100A7ABFA /* AudioAnalyser.swift */ = {isa = PBXFileReference; lastKnownFileType = sourcecode.swift; path = AudioAnalyser.swift; sourceTree = "<group>"; };
		7B51F0E12A0A5CB200A7ABFA /* AudioRecorderOld.swift */ = {isa = PBXFileReference; lastKnownFileType = sourcecode.swift; path = AudioRecorderOld.swift; sourceTree = "<group>"; };
		7B51F0E32A0A6DD900A7ABFA /* AudioRecorder.swift */ = {isa = PBXFileReference; lastKnownFileType = sourcecode.swift; path = AudioRecorder.swift; sourceTree = "<group>"; };
		7B55CEB52A03C312009F9B5D /* MusicSyllabusApp.swift */ = {isa = PBXFileReference; fileEncoding = 4; lastKnownFileType = sourcecode.swift; path = MusicSyllabusApp.swift; sourceTree = "<group>"; };
		7B55CEBD2A03C870009F9B5D /* GoogleService-Info.plist */ = {isa = PBXFileReference; fileEncoding = 4; lastKnownFileType = text.plist.xml; path = "GoogleService-Info.plist"; sourceTree = "<group>"; };
		7B55CEBF2A03D052009F9B5D /* ContentSectionView.swift */ = {isa = PBXFileReference; lastKnownFileType = sourcecode.swift; path = ContentSectionView.swift; sourceTree = "<group>"; };
		7B55CEC32A03E480009F9B5D /* ScoreView.swift */ = {isa = PBXFileReference; lastKnownFileType = sourcecode.swift; path = ScoreView.swift; sourceTree = "<group>"; };
		7B55CEC52A04C3AF009F9B5D /* TimeSignature.swift */ = {isa = PBXFileReference; lastKnownFileType = sourcecode.swift; path = TimeSignature.swift; sourceTree = "<group>"; };
		7B5EEDDB2A0133000007FF7E /* MusicSyllabus.app */ = {isa = PBXFileReference; explicitFileType = wrapper.application; includeInIndex = 0; path = MusicSyllabus.app; sourceTree = BUILT_PRODUCTS_DIR; };
		7B5EEDDE2A0133000007FF7E /* MusicSyllabusApp.swift */ = {isa = PBXFileReference; lastKnownFileType = sourcecode.swift; path = MusicSyllabusApp.swift; sourceTree = "<group>"; };
		7B5EEDE02A0133000007FF7E /* IndexView.swift */ = {isa = PBXFileReference; lastKnownFileType = sourcecode.swift; path = IndexView.swift; sourceTree = "<group>"; };
		7B5EEDE22A0133020007FF7E /* Assets.xcassets */ = {isa = PBXFileReference; lastKnownFileType = folder.assetcatalog; path = Assets.xcassets; sourceTree = "<group>"; };
		7B5EEDE52A0133020007FF7E /* Preview Assets.xcassets */ = {isa = PBXFileReference; lastKnownFileType = folder.assetcatalog; path = "Preview Assets.xcassets"; sourceTree = "<group>"; };
		7B5EEDE72A0133020007FF7E /* Persistence.swift */ = {isa = PBXFileReference; lastKnownFileType = sourcecode.swift; path = Persistence.swift; sourceTree = "<group>"; };
		7B5EEDEA2A0133020007FF7E /* MusicSyllabus.xcdatamodel */ = {isa = PBXFileReference; lastKnownFileType = wrapper.xcdatamodel; path = MusicSyllabus.xcdatamodel; sourceTree = "<group>"; };
		7B5EEDEC2A0133020007FF7E /* Info.plist */ = {isa = PBXFileReference; lastKnownFileType = text.plist.xml; path = Info.plist; sourceTree = "<group>"; };
		7B5EEDF42A0134AB0007FF7E /* IntervalsView.swift */ = {isa = PBXFileReference; lastKnownFileType = sourcecode.swift; path = IntervalsView.swift; sourceTree = "<group>"; };
		7B5EEDF62A025E0B0007FF7E /* Score.swift */ = {isa = PBXFileReference; lastKnownFileType = sourcecode.swift; path = Score.swift; sourceTree = "<group>"; };
		7B5EEDF82A025E440007FF7E /* Key.swift */ = {isa = PBXFileReference; lastKnownFileType = sourcecode.swift; path = Key.swift; sourceTree = "<group>"; };
		7B5EEDFA2A025E870007FF7E /* KeySignature.swift */ = {isa = PBXFileReference; lastKnownFileType = sourcecode.swift; path = KeySignature.swift; sourceTree = "<group>"; };
		7B5EEDFC2A025EC00007FF7E /* Note.swift */ = {isa = PBXFileReference; lastKnownFileType = sourcecode.swift; path = Note.swift; sourceTree = "<group>"; };
		7B5EEDFE2A025EE60007FF7E /* Chord.swift */ = {isa = PBXFileReference; lastKnownFileType = sourcecode.swift; path = Chord.swift; sourceTree = "<group>"; };
		7B5EEE002A025F160007FF7E /* Staff.swift */ = {isa = PBXFileReference; lastKnownFileType = sourcecode.swift; path = Staff.swift; sourceTree = "<group>"; };
		7B5EEE022A025F430007FF7E /* TimeSlice.swift */ = {isa = PBXFileReference; lastKnownFileType = sourcecode.swift; path = TimeSlice.swift; sourceTree = "<group>"; };
		7B5EEE042A025F760007FF7E /* Scale.swift */ = {isa = PBXFileReference; lastKnownFileType = sourcecode.swift; path = Scale.swift; sourceTree = "<group>"; };
		7B6E6F3C2A03B2B0001723C7 /* PianoView.swift */ = {isa = PBXFileReference; lastKnownFileType = sourcecode.swift; path = PianoView.swift; sourceTree = "<group>"; };
		7BF902522A0B696F002E977A /* MetronomeView.swift */ = {isa = PBXFileReference; lastKnownFileType = sourcecode.swift; path = MetronomeView.swift; sourceTree = "<group>"; };
		7BF902542A0CBE47002E977A /* ExampleData.swift */ = {isa = PBXFileReference; lastKnownFileType = sourcecode.swift; path = ExampleData.swift; sourceTree = "<group>"; };
		7BF9B9C82A02618700121EBA /* SoundGenerator.swift */ = {isa = PBXFileReference; lastKnownFileType = sourcecode.swift; path = SoundGenerator.swift; sourceTree = "<group>"; };
		7BF9B9CA2A02654100121EBA /* Nice-Steinway-v3.8.sf2 */ = {isa = PBXFileReference; lastKnownFileType = file; path = "Nice-Steinway-v3.8.sf2"; sourceTree = "<group>"; };
		7BF9B9CC2A026DDF00121EBA /* Logger.swift */ = {isa = PBXFileReference; lastKnownFileType = sourcecode.swift; path = Logger.swift; sourceTree = "<group>"; };
		7BF9B9CE2A0271E400121EBA /* PianoKeyboard.swift */ = {isa = PBXFileReference; lastKnownFileType = sourcecode.swift; path = PianoKeyboard.swift; sourceTree = "<group>"; };
		7BF9B9D02A03A6EB00121EBA /* ContentSection.swift */ = {isa = PBXFileReference; lastKnownFileType = sourcecode.swift; path = ContentSection.swift; sourceTree = "<group>"; };
/* End PBXFileReference section */

/* Begin PBXFrameworksBuildPhase section */
		7B5EEDD82A0133000007FF7E /* Frameworks */ = {
			isa = PBXFrameworksBuildPhase;
			buildActionMask = 2147483647;
			files = (
				7BF9B9D82A03AA3C00121EBA /* FirebaseDatabaseSwift in Frameworks */,
				7BF9B9DA2A03AA3C00121EBA /* FirebaseFirestore in Frameworks */,
				7BF9B9D62A03AA3C00121EBA /* FirebaseDatabase in Frameworks */,
				7BF9B9DC2A03AA3C00121EBA /* FirebaseStorage in Frameworks */,
				7BF9B9D42A03AA3C00121EBA /* FirebaseAnalytics in Frameworks */,
			);
			runOnlyForDeploymentPostprocessing = 0;
		};
/* End PBXFrameworksBuildPhase section */

/* Begin PBXGroup section */
		7B25F8392A0657CC00F9552E /* Syllabus */ = {
			isa = PBXGroup;
			children = (
				7B5EEDF42A0134AB0007FF7E /* IntervalsView.swift */,
				7B25F83A2A0657E500F9552E /* ClapOrPlayView.swift */,
			);
			path = Syllabus;
			sourceTree = "<group>";
		};
		7B51F0DE2A0A52EA00A7ABFA /* Sounds */ = {
			isa = PBXGroup;
			children = (
				7B51F0CD2A09C94D00A7ABFA /* Mechanical metronome - Low.aif */,
				7BF9B9CA2A02654100121EBA /* Nice-Steinway-v3.8.sf2 */,
				7B51F0CC2A09C94D00A7ABFA /* Mechanical metronome - High.aif */,
			);
			path = Sounds;
			sourceTree = "<group>";
		};
		7B5EEDD22A0132FF0007FF7E = {
			isa = PBXGroup;
			children = (
				7B5EEDDD2A0133000007FF7E /* MusicSyllabus */,
				7B5EEDDC2A0133000007FF7E /* Products */,
			);
			sourceTree = "<group>";
		};
		7B5EEDDC2A0133000007FF7E /* Products */ = {
			isa = PBXGroup;
			children = (
				7B5EEDDB2A0133000007FF7E /* MusicSyllabus.app */,
			);
			name = Products;
			sourceTree = "<group>";
		};
		7B5EEDDD2A0133000007FF7E /* MusicSyllabus */ = {
			isa = PBXGroup;
			children = (
				7B5EEDE22A0133020007FF7E /* Assets.xcassets */,
				7B55CEBD2A03C870009F9B5D /* GoogleService-Info.plist */,
				7B5EEDEC2A0133020007FF7E /* Info.plist */,
				7B5EEDF32A01345D0007FF7E /* Models */,
				7B5EEDE92A0133020007FF7E /* MusicSyllabus.xcdatamodeld */,
				7B55CEB52A03C312009F9B5D /* MusicSyllabusApp.swift */,
				7B3BA4522A0710D7000246C6 /* Notes */,
				7B5EEDE72A0133020007FF7E /* Persistence.swift */,
				7B5EEDE42A0133020007FF7E /* Preview Content */,
				7B51F0DE2A0A52EA00A7ABFA /* Sounds */,
				7B43C69C2A1354D000BBB027 /* Todo */,
				7B5EEDF22A0134530007FF7E /* Views */,
				7B5EEDDE2A0133000007FF7E /* MusicSyllabusApp.swift */,
			);
			path = MusicSyllabus;
			sourceTree = "<group>";
		};
		7B5EEDE42A0133020007FF7E /* Preview Content */ = {
			isa = PBXGroup;
			children = (
				7B5EEDE52A0133020007FF7E /* Preview Assets.xcassets */,
			);
			path = "Preview Content";
			sourceTree = "<group>";
		};
		7B5EEDF22A0134530007FF7E /* Views */ = {
			isa = PBXGroup;
			children = (
				7B3BA4502A070A3D000246C6 /* ClapTestView.swift */,
				7B55CEBF2A03D052009F9B5D /* ContentSectionView.swift */,
				7B43C6A22A13A53400BBB027 /* LaunchScreen.swift */,
				7BF902522A0B696F002E977A /* MetronomeView.swift */,
				7B25F8372A04D57D00F9552E /* NoteView.swift */,
				7B6E6F3C2A03B2B0001723C7 /* PianoView.swift */,
				7B55CEC32A03E480009F9B5D /* ScoreView.swift */,
				7B3D956B2A10D4AB007CA60D /* StaffView.swift */,
				7B25F8392A0657CC00F9552E /* Syllabus */,
				7B5EEDE02A0133000007FF7E /* IndexView.swift */,
				7B43C69E2A138CAE00BBB027 /* UIGlobals.swift */,
			);
			path = Views;
			sourceTree = "<group>";
		};
		7B5EEDF32A01345D0007FF7E /* Models */ = {
			isa = PBXGroup;
			children = (
				7B51F0DF2A0A5B6100A7ABFA /* AudioAnalyser.swift */,
				7B51F0E32A0A6DD900A7ABFA /* AudioRecorder.swift */,
				7B51F0E12A0A5CB200A7ABFA /* AudioRecorderOld.swift */,
				7B5EEDFE2A025EE60007FF7E /* Chord.swift */,
				7BF9B9D02A03A6EB00121EBA /* ContentSection.swift */,
				7BF902542A0CBE47002E977A /* ExampleData.swift */,
				7B5EEDF82A025E440007FF7E /* Key.swift */,
				7B5EEDFA2A025E870007FF7E /* KeySignature.swift */,
				7BF9B9CC2A026DDF00121EBA /* Logger.swift */,
				7B51F0DC2A0A508B00A7ABFA /* Metronome.swift */,
				7B5EEDFC2A025EC00007FF7E /* Note.swift */,
				7BF9B9CE2A0271E400121EBA /* PianoKeyboard.swift */,
				7B5EEE042A025F760007FF7E /* Scale.swift */,
				7B5EEDF62A025E0B0007FF7E /* Score.swift */,
				7BF9B9C82A02618700121EBA /* SoundGenerator.swift */,
				7B5EEE002A025F160007FF7E /* Staff.swift */,
				7B55CEC52A04C3AF009F9B5D /* TimeSignature.swift */,
				7B5EEE022A025F430007FF7E /* TimeSlice.swift */,
			);
			path = Models;
			sourceTree = "<group>";
		};
/* End PBXGroup section */

/* Begin PBXNativeTarget section */
		7B5EEDDA2A0133000007FF7E /* MusicSyllabus */ = {
			isa = PBXNativeTarget;
			buildConfigurationList = 7B5EEDEF2A0133020007FF7E /* Build configuration list for PBXNativeTarget "MusicSyllabus" */;
			buildPhases = (
				7B5EEDD72A0133000007FF7E /* Sources */,
				7B5EEDD82A0133000007FF7E /* Frameworks */,
				7B5EEDD92A0133000007FF7E /* Resources */,
			);
			buildRules = (
			);
			dependencies = (
			);
			name = MusicSyllabus;
			packageProductDependencies = (
				7BF9B9D32A03AA3C00121EBA /* FirebaseAnalytics */,
				7BF9B9D52A03AA3C00121EBA /* FirebaseDatabase */,
				7BF9B9D72A03AA3C00121EBA /* FirebaseDatabaseSwift */,
				7BF9B9D92A03AA3C00121EBA /* FirebaseFirestore */,
				7BF9B9DB2A03AA3C00121EBA /* FirebaseStorage */,
			);
			productName = MusicSyllabus;
			productReference = 7B5EEDDB2A0133000007FF7E /* MusicSyllabus.app */;
			productType = "com.apple.product-type.application";
		};
/* End PBXNativeTarget section */

/* Begin PBXProject section */
		7B5EEDD32A0132FF0007FF7E /* Project object */ = {
			isa = PBXProject;
			attributes = {
				BuildIndependentTargetsInParallel = 1;
				LastSwiftUpdateCheck = 1430;
				LastUpgradeCheck = 1430;
				TargetAttributes = {
					7B5EEDDA2A0133000007FF7E = {
						CreatedOnToolsVersion = 14.3;
					};
				};
			};
			buildConfigurationList = 7B5EEDD62A0132FF0007FF7E /* Build configuration list for PBXProject "MusicSyllabus" */;
			compatibilityVersion = "Xcode 14.0";
			developmentRegion = en;
			hasScannedForEncodings = 0;
			knownRegions = (
				en,
				Base,
			);
			mainGroup = 7B5EEDD22A0132FF0007FF7E;
			packageReferences = (
				7BF9B9D22A03AA3C00121EBA /* XCRemoteSwiftPackageReference "firebase-ios-sdk" */,
			);
			productRefGroup = 7B5EEDDC2A0133000007FF7E /* Products */;
			projectDirPath = "";
			projectRoot = "";
			targets = (
				7B5EEDDA2A0133000007FF7E /* MusicSyllabus */,
			);
		};
/* End PBXProject section */

/* Begin PBXResourcesBuildPhase section */
		7B5EEDD92A0133000007FF7E /* Resources */ = {
			isa = PBXResourcesBuildPhase;
			buildActionMask = 2147483647;
			files = (
				7B5EEDE62A0133020007FF7E /* Preview Assets.xcassets in Resources */,
				7B3BA4532A0710D7000246C6 /* Notes in Resources */,
				7B43C69D2A1354D000BBB027 /* Todo in Resources */,
				7B55CEBE2A03C870009F9B5D /* GoogleService-Info.plist in Resources */,
				7BF9B9CB2A02654100121EBA /* Nice-Steinway-v3.8.sf2 in Resources */,
				7B51F0CE2A09C94D00A7ABFA /* Mechanical metronome - High.aif in Resources */,
				7B51F0CF2A09C94D00A7ABFA /* Mechanical metronome - Low.aif in Resources */,
				7B5EEDE32A0133020007FF7E /* Assets.xcassets in Resources */,
			);
			runOnlyForDeploymentPostprocessing = 0;
		};
/* End PBXResourcesBuildPhase section */

/* Begin PBXSourcesBuildPhase section */
		7B5EEDD72A0133000007FF7E /* Sources */ = {
			isa = PBXSourcesBuildPhase;
			buildActionMask = 2147483647;
			files = (
				7BF9B9CD2A026DDF00121EBA /* Logger.swift in Sources */,
				7B51F0E42A0A6DD900A7ABFA /* AudioRecorder.swift in Sources */,
				7B5EEDFB2A025E870007FF7E /* KeySignature.swift in Sources */,
				7B25F8382A04D57D00F9552E /* NoteView.swift in Sources */,
				7BF9B9C92A02618700121EBA /* SoundGenerator.swift in Sources */,
				7B25F83B2A0657E500F9552E /* ClapOrPlayView.swift in Sources */,
				7B5EEDF92A025E440007FF7E /* Key.swift in Sources */,
				7BF9B9D12A03A6EB00121EBA /* ContentSection.swift in Sources */,
				7B5EEE012A025F160007FF7E /* Staff.swift in Sources */,
				7B5EEDE82A0133020007FF7E /* Persistence.swift in Sources */,
				7B55CEC42A03E480009F9B5D /* ScoreView.swift in Sources */,
				7B43C69F2A138CAE00BBB027 /* UIGlobals.swift in Sources */,
				7B55CEB62A03C312009F9B5D /* MusicSyllabusApp.swift in Sources */,
				7B51F0E22A0A5CB200A7ABFA /* AudioRecorderOld.swift in Sources */,
				7B55CEC02A03D052009F9B5D /* ContentSectionView.swift in Sources */,
				7BF9B9CF2A0271E400121EBA /* PianoKeyboard.swift in Sources */,
				7B5EEDE12A0133000007FF7E /* IndexView.swift in Sources */,
				7B5EEE032A025F430007FF7E /* TimeSlice.swift in Sources */,
				7B43C6A32A13A53400BBB027 /* LaunchScreen.swift in Sources */,
				7B5EEE052A025F760007FF7E /* Scale.swift in Sources */,
				7BF902552A0CBE47002E977A /* ExampleData.swift in Sources */,
				7B5EEDEB2A0133020007FF7E /* MusicSyllabus.xcdatamodeld in Sources */,
				7B5EEDFD2A025EC00007FF7E /* Note.swift in Sources */,
				7B51F0DD2A0A508B00A7ABFA /* Metronome.swift in Sources */,
				7B5EEDFF2A025EE60007FF7E /* Chord.swift in Sources */,
				7B5EEDF52A0134AB0007FF7E /* IntervalsView.swift in Sources */,
				7B5EEDF72A025E0B0007FF7E /* Score.swift in Sources */,
				7B51F0E02A0A5B6100A7ABFA /* AudioAnalyser.swift in Sources */,
				7BF902532A0B696F002E977A /* MetronomeView.swift in Sources */,
				7B6E6F3D2A03B2B0001723C7 /* PianoView.swift in Sources */,
				7B55CEC62A04C3AF009F9B5D /* TimeSignature.swift in Sources */,
				7B3D956C2A10D4AB007CA60D /* StaffView.swift in Sources */,
				7B3BA4512A070A3D000246C6 /* ClapTestView.swift in Sources */,
				7B5EEDDF2A0133000007FF7E /* MusicSyllabusApp.swift in Sources */,
			);
			runOnlyForDeploymentPostprocessing = 0;
		};
/* End PBXSourcesBuildPhase section */

/* Begin XCBuildConfiguration section */
		7B5EEDED2A0133020007FF7E /* Debug */ = {
			isa = XCBuildConfiguration;
			buildSettings = {
				ALWAYS_SEARCH_USER_PATHS = NO;
				CLANG_ANALYZER_NONNULL = YES;
				CLANG_ANALYZER_NUMBER_OBJECT_CONVERSION = YES_AGGRESSIVE;
				CLANG_CXX_LANGUAGE_STANDARD = "gnu++20";
				CLANG_ENABLE_MODULES = YES;
				CLANG_ENABLE_OBJC_ARC = YES;
				CLANG_ENABLE_OBJC_WEAK = YES;
				CLANG_WARN_BLOCK_CAPTURE_AUTORELEASING = YES;
				CLANG_WARN_BOOL_CONVERSION = YES;
				CLANG_WARN_COMMA = YES;
				CLANG_WARN_CONSTANT_CONVERSION = YES;
				CLANG_WARN_DEPRECATED_OBJC_IMPLEMENTATIONS = YES;
				CLANG_WARN_DIRECT_OBJC_ISA_USAGE = YES_ERROR;
				CLANG_WARN_DOCUMENTATION_COMMENTS = YES;
				CLANG_WARN_EMPTY_BODY = YES;
				CLANG_WARN_ENUM_CONVERSION = YES;
				CLANG_WARN_INFINITE_RECURSION = YES;
				CLANG_WARN_INT_CONVERSION = YES;
				CLANG_WARN_NON_LITERAL_NULL_CONVERSION = YES;
				CLANG_WARN_OBJC_IMPLICIT_RETAIN_SELF = YES;
				CLANG_WARN_OBJC_LITERAL_CONVERSION = YES;
				CLANG_WARN_OBJC_ROOT_CLASS = YES_ERROR;
				CLANG_WARN_QUOTED_INCLUDE_IN_FRAMEWORK_HEADER = YES;
				CLANG_WARN_RANGE_LOOP_ANALYSIS = YES;
				CLANG_WARN_STRICT_PROTOTYPES = YES;
				CLANG_WARN_SUSPICIOUS_MOVE = YES;
				CLANG_WARN_UNGUARDED_AVAILABILITY = YES_AGGRESSIVE;
				CLANG_WARN_UNREACHABLE_CODE = YES;
				CLANG_WARN__DUPLICATE_METHOD_MATCH = YES;
				COPY_PHASE_STRIP = NO;
				DEBUG_INFORMATION_FORMAT = dwarf;
				ENABLE_STRICT_OBJC_MSGSEND = YES;
				ENABLE_TESTABILITY = YES;
				GCC_C_LANGUAGE_STANDARD = gnu11;
				GCC_DYNAMIC_NO_PIC = NO;
				GCC_NO_COMMON_BLOCKS = YES;
				GCC_OPTIMIZATION_LEVEL = 0;
				GCC_PREPROCESSOR_DEFINITIONS = (
					"DEBUG=1",
					"$(inherited)",
				);
				GCC_WARN_64_TO_32_BIT_CONVERSION = YES;
				GCC_WARN_ABOUT_RETURN_TYPE = YES_ERROR;
				GCC_WARN_UNDECLARED_SELECTOR = YES;
				GCC_WARN_UNINITIALIZED_AUTOS = YES_AGGRESSIVE;
				GCC_WARN_UNUSED_FUNCTION = YES;
				GCC_WARN_UNUSED_VARIABLE = YES;
				IPHONEOS_DEPLOYMENT_TARGET = 16.3;
				MTL_ENABLE_DEBUG_INFO = INCLUDE_SOURCE;
				MTL_FAST_MATH = YES;
				ONLY_ACTIVE_ARCH = YES;
				SDKROOT = iphoneos;
				SWIFT_ACTIVE_COMPILATION_CONDITIONS = DEBUG;
				SWIFT_OPTIMIZATION_LEVEL = "-Onone";
			};
			name = Debug;
		};
		7B5EEDEE2A0133020007FF7E /* Release */ = {
			isa = XCBuildConfiguration;
			buildSettings = {
				ALWAYS_SEARCH_USER_PATHS = NO;
				CLANG_ANALYZER_NONNULL = YES;
				CLANG_ANALYZER_NUMBER_OBJECT_CONVERSION = YES_AGGRESSIVE;
				CLANG_CXX_LANGUAGE_STANDARD = "gnu++20";
				CLANG_ENABLE_MODULES = YES;
				CLANG_ENABLE_OBJC_ARC = YES;
				CLANG_ENABLE_OBJC_WEAK = YES;
				CLANG_WARN_BLOCK_CAPTURE_AUTORELEASING = YES;
				CLANG_WARN_BOOL_CONVERSION = YES;
				CLANG_WARN_COMMA = YES;
				CLANG_WARN_CONSTANT_CONVERSION = YES;
				CLANG_WARN_DEPRECATED_OBJC_IMPLEMENTATIONS = YES;
				CLANG_WARN_DIRECT_OBJC_ISA_USAGE = YES_ERROR;
				CLANG_WARN_DOCUMENTATION_COMMENTS = YES;
				CLANG_WARN_EMPTY_BODY = YES;
				CLANG_WARN_ENUM_CONVERSION = YES;
				CLANG_WARN_INFINITE_RECURSION = YES;
				CLANG_WARN_INT_CONVERSION = YES;
				CLANG_WARN_NON_LITERAL_NULL_CONVERSION = YES;
				CLANG_WARN_OBJC_IMPLICIT_RETAIN_SELF = YES;
				CLANG_WARN_OBJC_LITERAL_CONVERSION = YES;
				CLANG_WARN_OBJC_ROOT_CLASS = YES_ERROR;
				CLANG_WARN_QUOTED_INCLUDE_IN_FRAMEWORK_HEADER = YES;
				CLANG_WARN_RANGE_LOOP_ANALYSIS = YES;
				CLANG_WARN_STRICT_PROTOTYPES = YES;
				CLANG_WARN_SUSPICIOUS_MOVE = YES;
				CLANG_WARN_UNGUARDED_AVAILABILITY = YES_AGGRESSIVE;
				CLANG_WARN_UNREACHABLE_CODE = YES;
				CLANG_WARN__DUPLICATE_METHOD_MATCH = YES;
				COPY_PHASE_STRIP = NO;
				DEBUG_INFORMATION_FORMAT = "dwarf-with-dsym";
				ENABLE_NS_ASSERTIONS = NO;
				ENABLE_STRICT_OBJC_MSGSEND = YES;
				GCC_C_LANGUAGE_STANDARD = gnu11;
				GCC_NO_COMMON_BLOCKS = YES;
				GCC_WARN_64_TO_32_BIT_CONVERSION = YES;
				GCC_WARN_ABOUT_RETURN_TYPE = YES_ERROR;
				GCC_WARN_UNDECLARED_SELECTOR = YES;
				GCC_WARN_UNINITIALIZED_AUTOS = YES_AGGRESSIVE;
				GCC_WARN_UNUSED_FUNCTION = YES;
				GCC_WARN_UNUSED_VARIABLE = YES;
				IPHONEOS_DEPLOYMENT_TARGET = 16.3;
				MTL_ENABLE_DEBUG_INFO = NO;
				MTL_FAST_MATH = YES;
				SDKROOT = iphoneos;
				SWIFT_COMPILATION_MODE = wholemodule;
				SWIFT_OPTIMIZATION_LEVEL = "-O";
				VALIDATE_PRODUCT = YES;
			};
			name = Release;
		};
		7B5EEDF02A0133020007FF7E /* Debug */ = {
			isa = XCBuildConfiguration;
			buildSettings = {
				ASSETCATALOG_COMPILER_APPICON_NAME = AppIcon;
				ASSETCATALOG_COMPILER_GLOBAL_ACCENT_COLOR_NAME = AccentColor;
				CODE_SIGN_STYLE = Automatic;
				CURRENT_PROJECT_VERSION = 1;
				DEVELOPMENT_ASSET_PATHS = "\"MusicSyllabus/Preview Content\"";
				DEVELOPMENT_TEAM = 2B6A6N9QBQ;
				ENABLE_PREVIEWS = YES;
				GENERATE_INFOPLIST_FILE = YES;
				INFOPLIST_KEY_NSMicrophoneUsageDescription = "I need to use the microphone to record music";
				INFOPLIST_KEY_UIApplicationSceneManifest_Generation = YES;
				INFOPLIST_KEY_UIApplicationSupportsIndirectInputEvents = YES;
				INFOPLIST_KEY_UILaunchScreen_Generation = YES;
				INFOPLIST_KEY_UISupportedInterfaceOrientations_iPad = "UIInterfaceOrientationPortrait UIInterfaceOrientationPortraitUpsideDown UIInterfaceOrientationLandscapeLeft UIInterfaceOrientationLandscapeRight";
				INFOPLIST_KEY_UISupportedInterfaceOrientations_iPhone = "UIInterfaceOrientationPortrait UIInterfaceOrientationLandscapeLeft UIInterfaceOrientationLandscapeRight";
				LD_RUNPATH_SEARCH_PATHS = (
					"$(inherited)",
					"@executable_path/Frameworks",
				);
				MARKETING_VERSION = 1.0;
				PRODUCT_BUNDLE_IDENTIFIER = "com.dmurphy.westernwheelers.Music-Syllabus";
				PRODUCT_NAME = "$(TARGET_NAME)";
				SWIFT_EMIT_LOC_STRINGS = YES;
				SWIFT_VERSION = 5.0;
				TARGETED_DEVICE_FAMILY = "1,2";
			};
			name = Debug;
		};
		7B5EEDF12A0133020007FF7E /* Release */ = {
			isa = XCBuildConfiguration;
			buildSettings = {
				ASSETCATALOG_COMPILER_APPICON_NAME = AppIcon;
				ASSETCATALOG_COMPILER_GLOBAL_ACCENT_COLOR_NAME = AccentColor;
				CODE_SIGN_STYLE = Automatic;
				CURRENT_PROJECT_VERSION = 1;
				DEVELOPMENT_ASSET_PATHS = "\"MusicSyllabus/Preview Content\"";
				DEVELOPMENT_TEAM = 2B6A6N9QBQ;
				ENABLE_PREVIEWS = YES;
				GENERATE_INFOPLIST_FILE = YES;
				INFOPLIST_KEY_NSMicrophoneUsageDescription = "I need to use the microphone to record music";
				INFOPLIST_KEY_UIApplicationSceneManifest_Generation = YES;
				INFOPLIST_KEY_UIApplicationSupportsIndirectInputEvents = YES;
				INFOPLIST_KEY_UILaunchScreen_Generation = YES;
				INFOPLIST_KEY_UISupportedInterfaceOrientations_iPad = "UIInterfaceOrientationPortrait UIInterfaceOrientationPortraitUpsideDown UIInterfaceOrientationLandscapeLeft UIInterfaceOrientationLandscapeRight";
				INFOPLIST_KEY_UISupportedInterfaceOrientations_iPhone = "UIInterfaceOrientationPortrait UIInterfaceOrientationLandscapeLeft UIInterfaceOrientationLandscapeRight";
				LD_RUNPATH_SEARCH_PATHS = (
					"$(inherited)",
					"@executable_path/Frameworks",
				);
				MARKETING_VERSION = 1.0;
				PRODUCT_BUNDLE_IDENTIFIER = "com.dmurphy.westernwheelers.Music-Syllabus";
				PRODUCT_NAME = "$(TARGET_NAME)";
				SWIFT_EMIT_LOC_STRINGS = YES;
				SWIFT_VERSION = 5.0;
				TARGETED_DEVICE_FAMILY = "1,2";
			};
			name = Release;
		};
/* End XCBuildConfiguration section */

/* Begin XCConfigurationList section */
		7B5EEDD62A0132FF0007FF7E /* Build configuration list for PBXProject "MusicSyllabus" */ = {
			isa = XCConfigurationList;
			buildConfigurations = (
				7B5EEDED2A0133020007FF7E /* Debug */,
				7B5EEDEE2A0133020007FF7E /* Release */,
			);
			defaultConfigurationIsVisible = 0;
			defaultConfigurationName = Release;
		};
		7B5EEDEF2A0133020007FF7E /* Build configuration list for PBXNativeTarget "MusicSyllabus" */ = {
			isa = XCConfigurationList;
			buildConfigurations = (
				7B5EEDF02A0133020007FF7E /* Debug */,
				7B5EEDF12A0133020007FF7E /* Release */,
			);
			defaultConfigurationIsVisible = 0;
			defaultConfigurationName = Release;
		};
/* End XCConfigurationList section */

/* Begin XCRemoteSwiftPackageReference section */
		7BF9B9D22A03AA3C00121EBA /* XCRemoteSwiftPackageReference "firebase-ios-sdk" */ = {
			isa = XCRemoteSwiftPackageReference;
			repositoryURL = "https://github.com/firebase/firebase-ios-sdk.git";
			requirement = {
				kind = upToNextMajorVersion;
				minimumVersion = 10.0.0;
			};
		};
/* End XCRemoteSwiftPackageReference section */

/* Begin XCSwiftPackageProductDependency section */
		7BF9B9D32A03AA3C00121EBA /* FirebaseAnalytics */ = {
			isa = XCSwiftPackageProductDependency;
			package = 7BF9B9D22A03AA3C00121EBA /* XCRemoteSwiftPackageReference "firebase-ios-sdk" */;
			productName = FirebaseAnalytics;
		};
		7BF9B9D52A03AA3C00121EBA /* FirebaseDatabase */ = {
			isa = XCSwiftPackageProductDependency;
			package = 7BF9B9D22A03AA3C00121EBA /* XCRemoteSwiftPackageReference "firebase-ios-sdk" */;
			productName = FirebaseDatabase;
		};
		7BF9B9D72A03AA3C00121EBA /* FirebaseDatabaseSwift */ = {
			isa = XCSwiftPackageProductDependency;
			package = 7BF9B9D22A03AA3C00121EBA /* XCRemoteSwiftPackageReference "firebase-ios-sdk" */;
			productName = FirebaseDatabaseSwift;
		};
		7BF9B9D92A03AA3C00121EBA /* FirebaseFirestore */ = {
			isa = XCSwiftPackageProductDependency;
			package = 7BF9B9D22A03AA3C00121EBA /* XCRemoteSwiftPackageReference "firebase-ios-sdk" */;
			productName = FirebaseFirestore;
		};
		7BF9B9DB2A03AA3C00121EBA /* FirebaseStorage */ = {
			isa = XCSwiftPackageProductDependency;
			package = 7BF9B9D22A03AA3C00121EBA /* XCRemoteSwiftPackageReference "firebase-ios-sdk" */;
			productName = FirebaseStorage;
		};
/* End XCSwiftPackageProductDependency section */

/* Begin XCVersionGroup section */
		7B5EEDE92A0133020007FF7E /* MusicSyllabus.xcdatamodeld */ = {
			isa = XCVersionGroup;
			children = (
				7B5EEDEA2A0133020007FF7E /* MusicSyllabus.xcdatamodel */,
			);
			currentVersion = 7B5EEDEA2A0133020007FF7E /* MusicSyllabus.xcdatamodel */;
			path = MusicSyllabus.xcdatamodeld;
			sourceTree = "<group>";
			versionGroupType = wrapper.xcdatamodel;
		};
/* End XCVersionGroup section */
	};
	rootObject = 7B5EEDD32A0132FF0007FF7E /* Project object */;
}
